
Microsoft Visual Studio Solution File, Format Version 12.00
# Visual Studio Version 16
VisualStudioVersion = 16.0.30320.27
MinimumVisualStudioVersion = 10.0.40219.1
Project("{FAE04EC0-301F-11D3-BF4B-00C04F79EFBC}") = "IdApp.Android", "IdApp\IdApp.Android\IdApp.Android.csproj", "{C84D762A-4AEE-44F3-9168-C4EE083C63C3}"
EndProject
Project("{FAE04EC0-301F-11D3-BF4B-00C04F79EFBC}") = "IdApp.iOS", "IdApp\IdApp.iOS\IdApp.iOS.csproj", "{3DDA5C32-2464-4298-9D6C-95EA791AAA61}"
EndProject
Project("{9A19103F-16F7-4668-BE54-9A1E7A4F7556}") = "IdApp", "IdApp\IdApp\IdApp.csproj", "{8D6D18DD-9739-4F11-808E-252D7A53D032}"
EndProject
Project("{9A19103F-16F7-4668-BE54-9A1E7A4F7556}") = "Tag.Neuron.Xamarin.UI.Tests", "Tag.Neuron.Xamarin.UI.Tests\Tag.Neuron.Xamarin.UI.Tests.csproj", "{76A7A953-A9D2-48DF-8A1D-F31B3E307953}"
EndProject
Project("{9A19103F-16F7-4668-BE54-9A1E7A4F7556}") = "Tag.Neuron.Xamarin", "Tag.Neuron.Xamarin\Tag.Neuron.Xamarin.csproj", "{A03CDD5C-5C92-4A79-8A70-352FAD69D4FF}"
EndProject
Project("{9A19103F-16F7-4668-BE54-9A1E7A4F7556}") = "Tag.Neuron.Xamarin.UI", "Tag.Neuron.Xamarin.UI\Tag.Neuron.Xamarin.UI.csproj", "{EA04673F-952D-46A2-831A-0AC2E0BC5C38}"
EndProject
Project("{9A19103F-16F7-4668-BE54-9A1E7A4F7556}") = "Tag.Neuron.Xamarin.Tests", "Tag.Neuron.Xamarin.Tests\Tag.Neuron.Xamarin.Tests.csproj", "{B869D06C-5652-40A8-8FE0-EF4994170BFE}"
EndProject
Project("{9A19103F-16F7-4668-BE54-9A1E7A4F7556}") = "IdApp.Tests", "IdApp.Tests\IdApp.Tests.csproj", "{7C838673-1FDC-4E3F-B9C0-937784D97560}"
EndProject
Project("{2150E333-8FDC-42A3-9474-1A3956D46DE8}") = "Solution Items", "Solution Items", "{21240F73-9B95-4AF8-B1B1-E4197FAB406A}"
EndProject
Project("{2150E333-8FDC-42A3-9474-1A3956D46DE8}") = "Documentation", "Documentation", "{F13E31E8-60F7-4F2F-B69E-7B6655CCE57B}"
	ProjectSection(SolutionItems) = preProject
		Content\GettingStarted.md = Content\GettingStarted.md
		Content\NeuronRegistration.md = Content\NeuronRegistration.md
		Content\NeuronSDK.md = Content\NeuronSDK.md
		Content\NeuronSDKUI.md = Content\NeuronSDKUI.md
		README.md = README.md
	EndProjectSection
EndProject
Global
	GlobalSection(SolutionConfigurationPlatforms) = preSolution
		Debug|Any CPU = Debug|Any CPU
		Debug|iPhone = Debug|iPhone
		Debug|iPhoneSimulator = Debug|iPhoneSimulator
		Release|Any CPU = Release|Any CPU
		Release|iPhone = Release|iPhone
		Release|iPhoneSimulator = Release|iPhoneSimulator
	EndGlobalSection
	GlobalSection(ProjectConfigurationPlatforms) = postSolution
		{C84D762A-4AEE-44F3-9168-C4EE083C63C3}.Debug|Any CPU.ActiveCfg = Debug|Any CPU
		{C84D762A-4AEE-44F3-9168-C4EE083C63C3}.Debug|Any CPU.Build.0 = Debug|Any CPU
		{C84D762A-4AEE-44F3-9168-C4EE083C63C3}.Debug|Any CPU.Deploy.0 = Debug|Any CPU
		{C84D762A-4AEE-44F3-9168-C4EE083C63C3}.Debug|iPhone.ActiveCfg = Debug|Any CPU
		{C84D762A-4AEE-44F3-9168-C4EE083C63C3}.Debug|iPhone.Build.0 = Debug|Any CPU
		{C84D762A-4AEE-44F3-9168-C4EE083C63C3}.Debug|iPhone.Deploy.0 = Debug|Any CPU
		{C84D762A-4AEE-44F3-9168-C4EE083C63C3}.Debug|iPhoneSimulator.ActiveCfg = Debug|Any CPU
		{C84D762A-4AEE-44F3-9168-C4EE083C63C3}.Debug|iPhoneSimulator.Build.0 = Debug|Any CPU
		{C84D762A-4AEE-44F3-9168-C4EE083C63C3}.Debug|iPhoneSimulator.Deploy.0 = Debug|Any CPU
		{C84D762A-4AEE-44F3-9168-C4EE083C63C3}.Release|Any CPU.ActiveCfg = Release|Any CPU
		{C84D762A-4AEE-44F3-9168-C4EE083C63C3}.Release|Any CPU.Build.0 = Release|Any CPU
		{C84D762A-4AEE-44F3-9168-C4EE083C63C3}.Release|Any CPU.Deploy.0 = Release|Any CPU
		{C84D762A-4AEE-44F3-9168-C4EE083C63C3}.Release|iPhone.ActiveCfg = Release|Any CPU
		{C84D762A-4AEE-44F3-9168-C4EE083C63C3}.Release|iPhone.Build.0 = Release|Any CPU
		{C84D762A-4AEE-44F3-9168-C4EE083C63C3}.Release|iPhone.Deploy.0 = Release|Any CPU
		{C84D762A-4AEE-44F3-9168-C4EE083C63C3}.Release|iPhoneSimulator.ActiveCfg = Release|Any CPU
		{C84D762A-4AEE-44F3-9168-C4EE083C63C3}.Release|iPhoneSimulator.Build.0 = Release|Any CPU
		{C84D762A-4AEE-44F3-9168-C4EE083C63C3}.Release|iPhoneSimulator.Deploy.0 = Release|Any CPU
		{3DDA5C32-2464-4298-9D6C-95EA791AAA61}.Debug|Any CPU.ActiveCfg = Debug|iPhone
		{3DDA5C32-2464-4298-9D6C-95EA791AAA61}.Debug|Any CPU.Build.0 = Debug|iPhone
		{3DDA5C32-2464-4298-9D6C-95EA791AAA61}.Debug|Any CPU.Deploy.0 = Debug|iPhone
		{3DDA5C32-2464-4298-9D6C-95EA791AAA61}.Debug|iPhone.ActiveCfg = Debug|iPhone
		{3DDA5C32-2464-4298-9D6C-95EA791AAA61}.Debug|iPhone.Build.0 = Debug|iPhone
		{3DDA5C32-2464-4298-9D6C-95EA791AAA61}.Debug|iPhone.Deploy.0 = Debug|iPhone
		{3DDA5C32-2464-4298-9D6C-95EA791AAA61}.Debug|iPhoneSimulator.ActiveCfg = Debug|iPhoneSimulator
		{3DDA5C32-2464-4298-9D6C-95EA791AAA61}.Debug|iPhoneSimulator.Build.0 = Debug|iPhoneSimulator
		{3DDA5C32-2464-4298-9D6C-95EA791AAA61}.Debug|iPhoneSimulator.Deploy.0 = Debug|iPhoneSimulator
		{3DDA5C32-2464-4298-9D6C-95EA791AAA61}.Release|Any CPU.ActiveCfg = Release|iPhone
		{3DDA5C32-2464-4298-9D6C-95EA791AAA61}.Release|Any CPU.Build.0 = Release|iPhone
		{3DDA5C32-2464-4298-9D6C-95EA791AAA61}.Release|Any CPU.Deploy.0 = Release|iPhone
		{3DDA5C32-2464-4298-9D6C-95EA791AAA61}.Release|iPhone.ActiveCfg = Release|iPhone
		{3DDA5C32-2464-4298-9D6C-95EA791AAA61}.Release|iPhone.Build.0 = Release|iPhone
		{3DDA5C32-2464-4298-9D6C-95EA791AAA61}.Release|iPhone.Deploy.0 = Release|iPhone
		{3DDA5C32-2464-4298-9D6C-95EA791AAA61}.Release|iPhoneSimulator.ActiveCfg = Release|iPhoneSimulator
		{3DDA5C32-2464-4298-9D6C-95EA791AAA61}.Release|iPhoneSimulator.Build.0 = Release|iPhoneSimulator
		{3DDA5C32-2464-4298-9D6C-95EA791AAA61}.Release|iPhoneSimulator.Deploy.0 = Release|iPhoneSimulator
		{8D6D18DD-9739-4F11-808E-252D7A53D032}.Debug|Any CPU.ActiveCfg = Debug|Any CPU
		{8D6D18DD-9739-4F11-808E-252D7A53D032}.Debug|Any CPU.Build.0 = Debug|Any CPU
		{8D6D18DD-9739-4F11-808E-252D7A53D032}.Debug|Any CPU.Deploy.0 = Debug|Any CPU
		{8D6D18DD-9739-4F11-808E-252D7A53D032}.Debug|iPhone.ActiveCfg = Debug|Any CPU
		{8D6D18DD-9739-4F11-808E-252D7A53D032}.Debug|iPhone.Build.0 = Debug|Any CPU
		{8D6D18DD-9739-4F11-808E-252D7A53D032}.Debug|iPhone.Deploy.0 = Debug|Any CPU
		{8D6D18DD-9739-4F11-808E-252D7A53D032}.Debug|iPhoneSimulator.ActiveCfg = Debug|Any CPU
		{8D6D18DD-9739-4F11-808E-252D7A53D032}.Debug|iPhoneSimulator.Build.0 = Debug|Any CPU
		{8D6D18DD-9739-4F11-808E-252D7A53D032}.Debug|iPhoneSimulator.Deploy.0 = Debug|Any CPU
		{8D6D18DD-9739-4F11-808E-252D7A53D032}.Release|Any CPU.ActiveCfg = Release|Any CPU
		{8D6D18DD-9739-4F11-808E-252D7A53D032}.Release|Any CPU.Build.0 = Release|Any CPU
		{8D6D18DD-9739-4F11-808E-252D7A53D032}.Release|Any CPU.Deploy.0 = Release|Any CPU
		{8D6D18DD-9739-4F11-808E-252D7A53D032}.Release|iPhone.ActiveCfg = Release|Any CPU
		{8D6D18DD-9739-4F11-808E-252D7A53D032}.Release|iPhone.Build.0 = Release|Any CPU
		{8D6D18DD-9739-4F11-808E-252D7A53D032}.Release|iPhone.Deploy.0 = Release|Any CPU
		{8D6D18DD-9739-4F11-808E-252D7A53D032}.Release|iPhoneSimulator.ActiveCfg = Release|Any CPU
		{8D6D18DD-9739-4F11-808E-252D7A53D032}.Release|iPhoneSimulator.Build.0 = Release|Any CPU
		{8D6D18DD-9739-4F11-808E-252D7A53D032}.Release|iPhoneSimulator.Deploy.0 = Release|Any CPU
		{76A7A953-A9D2-48DF-8A1D-F31B3E307953}.Debug|Any CPU.ActiveCfg = Debug|Any CPU
		{76A7A953-A9D2-48DF-8A1D-F31B3E307953}.Debug|Any CPU.Build.0 = Debug|Any CPU
		{76A7A953-A9D2-48DF-8A1D-F31B3E307953}.Debug|iPhone.ActiveCfg = Debug|Any CPU
		{76A7A953-A9D2-48DF-8A1D-F31B3E307953}.Debug|iPhone.Build.0 = Debug|Any CPU
		{76A7A953-A9D2-48DF-8A1D-F31B3E307953}.Debug|iPhoneSimulator.ActiveCfg = Debug|Any CPU
		{76A7A953-A9D2-48DF-8A1D-F31B3E307953}.Debug|iPhoneSimulator.Build.0 = Debug|Any CPU
		{76A7A953-A9D2-48DF-8A1D-F31B3E307953}.Release|Any CPU.ActiveCfg = Release|Any CPU
		{76A7A953-A9D2-48DF-8A1D-F31B3E307953}.Release|Any CPU.Build.0 = Release|Any CPU
		{76A7A953-A9D2-48DF-8A1D-F31B3E307953}.Release|iPhone.ActiveCfg = Release|Any CPU
		{76A7A953-A9D2-48DF-8A1D-F31B3E307953}.Release|iPhone.Build.0 = Release|Any CPU
		{76A7A953-A9D2-48DF-8A1D-F31B3E307953}.Release|iPhoneSimulator.ActiveCfg = Release|Any CPU
		{76A7A953-A9D2-48DF-8A1D-F31B3E307953}.Release|iPhoneSimulator.Build.0 = Release|Any CPU
		{A03CDD5C-5C92-4A79-8A70-352FAD69D4FF}.Debug|Any CPU.ActiveCfg = Debug|Any CPU
		{A03CDD5C-5C92-4A79-8A70-352FAD69D4FF}.Debug|Any CPU.Build.0 = Debug|Any CPU
		{A03CDD5C-5C92-4A79-8A70-352FAD69D4FF}.Debug|iPhone.ActiveCfg = Debug|Any CPU
		{A03CDD5C-5C92-4A79-8A70-352FAD69D4FF}.Debug|iPhone.Build.0 = Debug|Any CPU
		{A03CDD5C-5C92-4A79-8A70-352FAD69D4FF}.Debug|iPhoneSimulator.ActiveCfg = Debug|Any CPU
		{A03CDD5C-5C92-4A79-8A70-352FAD69D4FF}.Debug|iPhoneSimulator.Build.0 = Debug|Any CPU
		{A03CDD5C-5C92-4A79-8A70-352FAD69D4FF}.Release|Any CPU.ActiveCfg = Release|Any CPU
		{A03CDD5C-5C92-4A79-8A70-352FAD69D4FF}.Release|Any CPU.Build.0 = Release|Any CPU
		{A03CDD5C-5C92-4A79-8A70-352FAD69D4FF}.Release|iPhone.ActiveCfg = Release|Any CPU
		{A03CDD5C-5C92-4A79-8A70-352FAD69D4FF}.Release|iPhone.Build.0 = Release|Any CPU
		{A03CDD5C-5C92-4A79-8A70-352FAD69D4FF}.Release|iPhoneSimulator.ActiveCfg = Release|Any CPU
		{A03CDD5C-5C92-4A79-8A70-352FAD69D4FF}.Release|iPhoneSimulator.Build.0 = Release|Any CPU
		{EA04673F-952D-46A2-831A-0AC2E0BC5C38}.Debug|Any CPU.ActiveCfg = Debug|Any CPU
		{EA04673F-952D-46A2-831A-0AC2E0BC5C38}.Debug|Any CPU.Build.0 = Debug|Any CPU
		{EA04673F-952D-46A2-831A-0AC2E0BC5C38}.Debug|iPhone.ActiveCfg = Debug|Any CPU
		{EA04673F-952D-46A2-831A-0AC2E0BC5C38}.Debug|iPhone.Build.0 = Debug|Any CPU
		{EA04673F-952D-46A2-831A-0AC2E0BC5C38}.Debug|iPhoneSimulator.ActiveCfg = Debug|Any CPU
		{EA04673F-952D-46A2-831A-0AC2E0BC5C38}.Debug|iPhoneSimulator.Build.0 = Debug|Any CPU
		{EA04673F-952D-46A2-831A-0AC2E0BC5C38}.Release|Any CPU.ActiveCfg = Release|Any CPU
		{EA04673F-952D-46A2-831A-0AC2E0BC5C38}.Release|Any CPU.Build.0 = Release|Any CPU
		{EA04673F-952D-46A2-831A-0AC2E0BC5C38}.Release|iPhone.ActiveCfg = Release|Any CPU
		{EA04673F-952D-46A2-831A-0AC2E0BC5C38}.Release|iPhone.Build.0 = Release|Any CPU
		{EA04673F-952D-46A2-831A-0AC2E0BC5C38}.Release|iPhoneSimulator.ActiveCfg = Release|Any CPU
		{EA04673F-952D-46A2-831A-0AC2E0BC5C38}.Release|iPhoneSimulator.Build.0 = Release|Any CPU
		{B869D06C-5652-40A8-8FE0-EF4994170BFE}.Debug|Any CPU.ActiveCfg = Debug|Any CPU
		{B869D06C-5652-40A8-8FE0-EF4994170BFE}.Debug|Any CPU.Build.0 = Debug|Any CPU
		{B869D06C-5652-40A8-8FE0-EF4994170BFE}.Debug|iPhone.ActiveCfg = Debug|Any CPU
		{B869D06C-5652-40A8-8FE0-EF4994170BFE}.Debug|iPhone.Build.0 = Debug|Any CPU
		{B869D06C-5652-40A8-8FE0-EF4994170BFE}.Debug|iPhoneSimulator.ActiveCfg = Debug|Any CPU
		{B869D06C-5652-40A8-8FE0-EF4994170BFE}.Debug|iPhoneSimulator.Build.0 = Debug|Any CPU
		{B869D06C-5652-40A8-8FE0-EF4994170BFE}.Release|Any CPU.ActiveCfg = Release|Any CPU
		{B869D06C-5652-40A8-8FE0-EF4994170BFE}.Release|Any CPU.Build.0 = Release|Any CPU
		{B869D06C-5652-40A8-8FE0-EF4994170BFE}.Release|iPhone.ActiveCfg = Release|Any CPU
		{B869D06C-5652-40A8-8FE0-EF4994170BFE}.Release|iPhone.Build.0 = Release|Any CPU
		{B869D06C-5652-40A8-8FE0-EF4994170BFE}.Release|iPhoneSimulator.ActiveCfg = Release|Any CPU
		{B869D06C-5652-40A8-8FE0-EF4994170BFE}.Release|iPhoneSimulator.Build.0 = Release|Any CPU
		{7C838673-1FDC-4E3F-B9C0-937784D97560}.Debug|Any CPU.ActiveCfg = Debug|Any CPU
		{7C838673-1FDC-4E3F-B9C0-937784D97560}.Debug|Any CPU.Build.0 = Debug|Any CPU
		{7C838673-1FDC-4E3F-B9C0-937784D97560}.Debug|iPhone.ActiveCfg = Debug|Any CPU
		{7C838673-1FDC-4E3F-B9C0-937784D97560}.Debug|iPhone.Build.0 = Debug|Any CPU
		{7C838673-1FDC-4E3F-B9C0-937784D97560}.Debug|iPhoneSimulator.ActiveCfg = Debug|Any CPU
		{7C838673-1FDC-4E3F-B9C0-937784D97560}.Debug|iPhoneSimulator.Build.0 = Debug|Any CPU
		{7C838673-1FDC-4E3F-B9C0-937784D97560}.Release|Any CPU.ActiveCfg = Release|Any CPU
		{7C838673-1FDC-4E3F-B9C0-937784D97560}.Release|Any CPU.Build.0 = Release|Any CPU
		{7C838673-1FDC-4E3F-B9C0-937784D97560}.Release|iPhone.ActiveCfg = Release|Any CPU
		{7C838673-1FDC-4E3F-B9C0-937784D97560}.Release|iPhone.Build.0 = Release|Any CPU
		{7C838673-1FDC-4E3F-B9C0-937784D97560}.Release|iPhoneSimulator.ActiveCfg = Release|Any CPU
		{7C838673-1FDC-4E3F-B9C0-937784D97560}.Release|iPhoneSimulator.Build.0 = Release|Any CPU
	EndGlobalSection
	GlobalSection(SolutionProperties) = preSolution
		HideSolutionNode = FALSE
	EndGlobalSection
	GlobalSection(NestedProjects) = preSolution
		{F13E31E8-60F7-4F2F-B69E-7B6655CCE57B} = {21240F73-9B95-4AF8-B1B1-E4197FAB406A}
	EndGlobalSection
	GlobalSection(ExtensibilityGlobals) = postSolution
		SolutionGuid = {7816AF3C-464A-4113-9E1E-B9A38E86BB11}
	EndGlobalSection
EndGlobal
