
Microsoft Visual Studio Solution File, Format Version 12.00
# Visual Studio Version 17
VisualStudioVersion = 17.0.31611.283
MinimumVisualStudioVersion = 10.0.40219.1
Project("{9A19103F-16F7-4668-BE54-9A1E7A4F7556}") = "IdApp", "IdApp\IdApp.csproj", "{94B526CE-7A1F-4246-927A-C84B0F3314F7}"
	ProjectSection(ProjectDependencies) = postProject
		{6F23DFBB-3B0F-4AAD-9CA3-FAA3B577B589} = {6F23DFBB-3B0F-4AAD-9CA3-FAA3B577B589}
		{BFCD4B6E-C78B-4116-B8EB-0C95416582D1} = {BFCD4B6E-C78B-4116-B8EB-0C95416582D1}
	EndProjectSection
EndProject
Project("{9A19103F-16F7-4668-BE54-9A1E7A4F7556}") = "UpdateVersionInfo", "UpdateVersionInfo\UpdateVersionInfo.csproj", "{E231AE5A-1BA9-421B-845F-747738D14460}"
EndProject
Project("{2150E333-8FDC-42A3-9474-1A3956D46DE8}") = "Solution Items", "Solution Items", "{10643307-8C18-4B42-8E78-8758D3E790B2}"
	ProjectSection(SolutionItems) = preProject
		.editorconfig = .editorconfig
		.gitattributes = .gitattributes
		.gitignore = .gitignore
		Directory.Build.props = Directory.Build.props
	EndProjectSection
EndProject
Project("{2150E333-8FDC-42A3-9474-1A3956D46DE8}") = "Documentation", "Documentation", "{96A7E17B-2361-412E-9E19-83AF5230831E}"
	ProjectSection(SolutionItems) = preProject
		Content\AppAnatomy.md = Content\AppAnatomy.md
		Content\BranchStrategy.md = Content\BranchStrategy.md
		Content\CommandLineBuild.md = Content\CommandLineBuild.md
		Content\CreatingATAGProfile.md = Content\CreatingATAGProfile.md
		Content\GettingStarted.md = Content\GettingStarted.md
		Content\Mvvm.md = Content\Mvvm.md
		Content\NeuronSDK.md = Content\NeuronSDK.md
		Content\NeuronSDKUI.md = Content\NeuronSDKUI.md
		README.md = README.md
		Content\Xmpp.md = Content\Xmpp.md
	EndProjectSection
EndProject
Project("{2150E333-8FDC-42A3-9474-1A3956D46DE8}") = "Script", "Script", "{99FDE08A-EABB-46AA-9FED-7F7CA7D32321}"
	ProjectSection(SolutionItems) = preProject
		Script\AnalyzeIdAppDB.script = Script\AnalyzeIdAppDB.script
	EndProjectSection
EndProject
Project("{2150E333-8FDC-42A3-9474-1A3956D46DE8}") = "Translation", "Translation", "{A57C6492-491B-4A60-BA68-E3AE90ACBA17}"
	ProjectSection(SolutionItems) = preProject
		Translation\CreateZip.bat = Translation\CreateZip.bat
		Translation\TranslateResources.bat = Translation\TranslateResources.bat
	EndProjectSection
EndProject
Project("{2150E333-8FDC-42A3-9474-1A3956D46DE8}") = "Build", "Build", "{BAA20B79-CC34-4067-A927-602FDFDED724}"
	ProjectSection(SolutionItems) = preProject
		Build\BuildAndroid.bat = Build\BuildAndroid.bat
		Build\BuildAndroidRelease.bat = Build\BuildAndroidRelease.bat
		Build\BuildIPhone.bat = Build\BuildIPhone.bat
		Build\PreBuildEvents.bat = Build\PreBuildEvents.bat
		Build\PreBuildEvents.sh = Build\PreBuildEvents.sh
		Build\UpdateVersion.bat = Build\UpdateVersion.bat
	EndProjectSection
EndProject
Project("{9A19103F-16F7-4668-BE54-9A1E7A4F7556}") = "IdApp.Cv", "IdApp.Cv\IdApp.Cv.csproj", "{BFCD4B6E-C78B-4116-B8EB-0C95416582D1}"
EndProject
Project("{9A19103F-16F7-4668-BE54-9A1E7A4F7556}") = "IdApp.Nfc", "IdApp.Nfc\IdApp.Nfc.csproj", "{6F23DFBB-3B0F-4AAD-9CA3-FAA3B577B589}"
EndProject
Project("{2150E333-8FDC-42A3-9474-1A3956D46DE8}") = "Libraries", "Libraries", "{6EF66CB6-CB00-4F70-B5CF-7E9038572934}"
EndProject
Project("{2150E333-8FDC-42A3-9474-1A3956D46DE8}") = "Utilities", "Utilities", "{2DA5A2F4-7752-43C2-B669-644338D58119}"
EndProject
Global
	GlobalSection(SolutionConfigurationPlatforms) = preSolution
		Debug|Any CPU = Debug|Any CPU
		Release|Any CPU = Release|Any CPU
	EndGlobalSection
	GlobalSection(ProjectConfigurationPlatforms) = postSolution
		{94B526CE-7A1F-4246-927A-C84B0F3314F7}.Debug|Any CPU.ActiveCfg = Debug|Any CPU
		{94B526CE-7A1F-4246-927A-C84B0F3314F7}.Debug|Any CPU.Build.0 = Debug|Any CPU
		{94B526CE-7A1F-4246-927A-C84B0F3314F7}.Debug|Any CPU.Deploy.0 = Debug|Any CPU
		{94B526CE-7A1F-4246-927A-C84B0F3314F7}.Release|Any CPU.ActiveCfg = Release|Any CPU
		{94B526CE-7A1F-4246-927A-C84B0F3314F7}.Release|Any CPU.Build.0 = Release|Any CPU
		{94B526CE-7A1F-4246-927A-C84B0F3314F7}.Release|Any CPU.Deploy.0 = Release|Any CPU
		{E231AE5A-1BA9-421B-845F-747738D14460}.Debug|Any CPU.ActiveCfg = Debug|Any CPU
		{E231AE5A-1BA9-421B-845F-747738D14460}.Debug|Any CPU.Build.0 = Debug|Any CPU
		{E231AE5A-1BA9-421B-845F-747738D14460}.Release|Any CPU.ActiveCfg = Release|Any CPU
		{E231AE5A-1BA9-421B-845F-747738D14460}.Release|Any CPU.Build.0 = Release|Any CPU
		{BFCD4B6E-C78B-4116-B8EB-0C95416582D1}.Debug|Any CPU.ActiveCfg = Debug|Any CPU
		{BFCD4B6E-C78B-4116-B8EB-0C95416582D1}.Debug|Any CPU.Build.0 = Debug|Any CPU
		{BFCD4B6E-C78B-4116-B8EB-0C95416582D1}.Release|Any CPU.ActiveCfg = Release|Any CPU
		{BFCD4B6E-C78B-4116-B8EB-0C95416582D1}.Release|Any CPU.Build.0 = Release|Any CPU
		{6F23DFBB-3B0F-4AAD-9CA3-FAA3B577B589}.Debug|Any CPU.ActiveCfg = Debug|Any CPU
		{6F23DFBB-3B0F-4AAD-9CA3-FAA3B577B589}.Debug|Any CPU.Build.0 = Debug|Any CPU
		{6F23DFBB-3B0F-4AAD-9CA3-FAA3B577B589}.Release|Any CPU.ActiveCfg = Release|Any CPU
		{6F23DFBB-3B0F-4AAD-9CA3-FAA3B577B589}.Release|Any CPU.Build.0 = Release|Any CPU
	EndGlobalSection
	GlobalSection(SolutionProperties) = preSolution
		HideSolutionNode = FALSE
	EndGlobalSection
	GlobalSection(NestedProjects) = preSolution
		{E231AE5A-1BA9-421B-845F-747738D14460} = {2DA5A2F4-7752-43C2-B669-644338D58119}
		{96A7E17B-2361-412E-9E19-83AF5230831E} = {10643307-8C18-4B42-8E78-8758D3E790B2}
		{99FDE08A-EABB-46AA-9FED-7F7CA7D32321} = {10643307-8C18-4B42-8E78-8758D3E790B2}
		{A57C6492-491B-4A60-BA68-E3AE90ACBA17} = {10643307-8C18-4B42-8E78-8758D3E790B2}
		{BAA20B79-CC34-4067-A927-602FDFDED724} = {10643307-8C18-4B42-8E78-8758D3E790B2}
		{BFCD4B6E-C78B-4116-B8EB-0C95416582D1} = {6EF66CB6-CB00-4F70-B5CF-7E9038572934}
		{6F23DFBB-3B0F-4AAD-9CA3-FAA3B577B589} = {6EF66CB6-CB00-4F70-B5CF-7E9038572934}
	EndGlobalSection
	GlobalSection(ExtensibilityGlobals) = postSolution
		SolutionGuid = {61F7FB11-1E47-470C-91E2-47F8143E1572}
	EndGlobalSection
EndGlobal
